
Microsoft Visual Studio Solution File, Format Version 12.00
# Visual Studio Version 17
VisualStudioVersion = 17.8.34511.84
MinimumVisualStudioVersion = 10.0.40219.1
Project("{FAE04EC0-301F-11D3-BF4B-00C04F79EFBC}") = "COMP003A.Assignment3", "COMP003A.Assignment3\COMP003A.Assignment3.csproj", "{4718F1E5-28E7-4EAF-AE4B-0363918A39ED}"
EndProject
Global
	GlobalSection(SolutionConfigurationPlatforms) = preSolution
		Debug|Any CPU = Debug|Any CPU
		Release|Any CPU = Release|Any CPU
	EndGlobalSection
	GlobalSection(ProjectConfigurationPlatforms) = postSolution
		{4718F1E5-28E7-4EAF-AE4B-0363918A39ED}.Debug|Any CPU.ActiveCfg = Debug|Any CPU
		{4718F1E5-28E7-4EAF-AE4B-0363918A39ED}.Debug|Any CPU.Build.0 = Debug|Any CPU
		{4718F1E5-28E7-4EAF-AE4B-0363918A39ED}.Release|Any CPU.ActiveCfg = Release|Any CPU
		{4718F1E5-28E7-4EAF-AE4B-0363918A39ED}.Release|Any CPU.Build.0 = Release|Any CPU
	EndGlobalSection
	GlobalSection(SolutionProperties) = preSolution
		HideSolutionNode = FALSE
	EndGlobalSection
	GlobalSection(ExtensibilityGlobals) = postSolution
		SolutionGuid = {437B529E-9C66-46AB-80C6-7E466DCF80C2}
	EndGlobalSection
EndGlobal
